
Microsoft Visual Studio Solution File, Format Version 12.00
# Visual Studio Version 17
VisualStudioVersion = 17.5.002.0
MinimumVisualStudioVersion = 10.0.40219.1
Project("{2150E333-8FDC-42A3-9474-1A3956D46DE8}") = "GuidedProject", "GuidedProject", "{4AB46323-BEE4-4BD1-A18F-74FBD65D58B6}"
EndProject
Project("{9A19103F-16F7-4668-BE54-9A1E7A4F7556}") = "Final", "GuidedProject\Final\Final.csproj", "{391B1C9D-0476-4DDC-9684-33889073BB2B}"
EndProject
Project("{9A19103F-16F7-4668-BE54-9A1E7A4F7556}") = "Starter", "GuidedProject\Starter\Starter.csproj", "{6A8C5814-108E-4A8E-8869-D666F539BBCD}"
EndProject
Global
	GlobalSection(SolutionConfigurationPlatforms) = preSolution
		Debug|Any CPU = Debug|Any CPU
		Release|Any CPU = Release|Any CPU
	EndGlobalSection
	GlobalSection(ProjectConfigurationPlatforms) = postSolution
		{391B1C9D-0476-4DDC-9684-33889073BB2B}.Debug|Any CPU.ActiveCfg = Debug|Any CPU
		{391B1C9D-0476-4DDC-9684-33889073BB2B}.Debug|Any CPU.Build.0 = Debug|Any CPU
		{391B1C9D-0476-4DDC-9684-33889073BB2B}.Release|Any CPU.ActiveCfg = Release|Any CPU
		{391B1C9D-0476-4DDC-9684-33889073BB2B}.Release|Any CPU.Build.0 = Release|Any CPU
		{6A8C5814-108E-4A8E-8869-D666F539BBCD}.Debug|Any CPU.ActiveCfg = Debug|Any CPU
		{6A8C5814-108E-4A8E-8869-D666F539BBCD}.Debug|Any CPU.Build.0 = Debug|Any CPU
		{6A8C5814-108E-4A8E-8869-D666F539BBCD}.Release|Any CPU.ActiveCfg = Release|Any CPU
		{6A8C5814-108E-4A8E-8869-D666F539BBCD}.Release|Any CPU.Build.0 = Release|Any CPU
	EndGlobalSection
	GlobalSection(SolutionProperties) = preSolution
		HideSolutionNode = FALSE
	EndGlobalSection
	GlobalSection(NestedProjects) = preSolution
		{391B1C9D-0476-4DDC-9684-33889073BB2B} = {4AB46323-BEE4-4BD1-A18F-74FBD65D58B6}
		{6A8C5814-108E-4A8E-8869-D666F539BBCD} = {4AB46323-BEE4-4BD1-A18F-74FBD65D58B6}
	EndGlobalSection
	GlobalSection(ExtensibilityGlobals) = postSolution
		SolutionGuid = {11CBBDDE-38ED-4B85-A4EE-EA897E8C419E}
	EndGlobalSection
EndGlobal
