
Microsoft Visual Studio Solution File, Format Version 12.00
# Visual Studio Version 17
VisualStudioVersion = 17.3.32929.385
MinimumVisualStudioVersion = 10.0.40219.1
Project("{FAE04EC0-301F-11D3-BF4B-00C04F79EFBC}") = "console", "console\console.csproj", "{5421079F-6C78-42E0-877D-C766D9330182}"
EndProject
Project("{FAE04EC0-301F-11D3-BF4B-00C04F79EFBC}") = "CodeSignal", "CodeSignal\CodeSignal.csproj", "{0207824A-45DE-4740-A6B4-C2234E45F27E}"
EndProject
Project("{FAE04EC0-301F-11D3-BF4B-00C04F79EFBC}") = "UseAcabeca", "UseACabeca\UseAcabeca.csproj", "{87B3C52A-6E20-43AC-A48E-D08B8FA4C472}"
EndProject
Global
	GlobalSection(SolutionConfigurationPlatforms) = preSolution
		Debug|Any CPU = Debug|Any CPU
		Release|Any CPU = Release|Any CPU
	EndGlobalSection
	GlobalSection(ProjectConfigurationPlatforms) = postSolution
		{5421079F-6C78-42E0-877D-C766D9330182}.Debug|Any CPU.ActiveCfg = Debug|Any CPU
		{5421079F-6C78-42E0-877D-C766D9330182}.Debug|Any CPU.Build.0 = Debug|Any CPU
		{5421079F-6C78-42E0-877D-C766D9330182}.Release|Any CPU.ActiveCfg = Release|Any CPU
		{5421079F-6C78-42E0-877D-C766D9330182}.Release|Any CPU.Build.0 = Release|Any CPU
		{0207824A-45DE-4740-A6B4-C2234E45F27E}.Debug|Any CPU.ActiveCfg = Debug|Any CPU
		{0207824A-45DE-4740-A6B4-C2234E45F27E}.Debug|Any CPU.Build.0 = Debug|Any CPU
		{0207824A-45DE-4740-A6B4-C2234E45F27E}.Release|Any CPU.ActiveCfg = Release|Any CPU
		{0207824A-45DE-4740-A6B4-C2234E45F27E}.Release|Any CPU.Build.0 = Release|Any CPU
		{87B3C52A-6E20-43AC-A48E-D08B8FA4C472}.Debug|Any CPU.ActiveCfg = Debug|Any CPU
		{87B3C52A-6E20-43AC-A48E-D08B8FA4C472}.Debug|Any CPU.Build.0 = Debug|Any CPU
		{87B3C52A-6E20-43AC-A48E-D08B8FA4C472}.Release|Any CPU.ActiveCfg = Release|Any CPU
		{87B3C52A-6E20-43AC-A48E-D08B8FA4C472}.Release|Any CPU.Build.0 = Release|Any CPU
	EndGlobalSection
	GlobalSection(SolutionProperties) = preSolution
		HideSolutionNode = FALSE
	EndGlobalSection
	GlobalSection(ExtensibilityGlobals) = postSolution
		SolutionGuid = {2CE0C1F0-1391-4A68-B7DE-A0FFCAF6B166}
	EndGlobalSection
EndGlobal
