
Microsoft Visual Studio Solution File, Format Version 12.00
# Visual Studio Version 17
VisualStudioVersion = 17.5.002.0
MinimumVisualStudioVersion = 10.0.40219.1
Project("{9A19103F-16F7-4668-BE54-9A1E7A4F7556}") = "Final", "Final\Final.csproj", "{9919907B-3B6C-44C4-9C30-6D735F9DB0F9}"
EndProject
Project("{9A19103F-16F7-4668-BE54-9A1E7A4F7556}") = "Starter", "Starter\Starter.csproj", "{BE5678DF-4BEA-472E-B7D9-90989FEF9BEB}"
EndProject
Global
	GlobalSection(SolutionConfigurationPlatforms) = preSolution
		Debug|Any CPU = Debug|Any CPU
		Release|Any CPU = Release|Any CPU
	EndGlobalSection
	GlobalSection(ProjectConfigurationPlatforms) = postSolution
		{9919907B-3B6C-44C4-9C30-6D735F9DB0F9}.Debug|Any CPU.ActiveCfg = Debug|Any CPU
		{9919907B-3B6C-44C4-9C30-6D735F9DB0F9}.Debug|Any CPU.Build.0 = Debug|Any CPU
		{9919907B-3B6C-44C4-9C30-6D735F9DB0F9}.Release|Any CPU.ActiveCfg = Release|Any CPU
		{9919907B-3B6C-44C4-9C30-6D735F9DB0F9}.Release|Any CPU.Build.0 = Release|Any CPU
		{BE5678DF-4BEA-472E-B7D9-90989FEF9BEB}.Debug|Any CPU.ActiveCfg = Debug|Any CPU
		{BE5678DF-4BEA-472E-B7D9-90989FEF9BEB}.Debug|Any CPU.Build.0 = Debug|Any CPU
		{BE5678DF-4BEA-472E-B7D9-90989FEF9BEB}.Release|Any CPU.ActiveCfg = Release|Any CPU
		{BE5678DF-4BEA-472E-B7D9-90989FEF9BEB}.Release|Any CPU.Build.0 = Release|Any CPU
	EndGlobalSection
	GlobalSection(SolutionProperties) = preSolution
		HideSolutionNode = FALSE
	EndGlobalSection
	GlobalSection(ExtensibilityGlobals) = postSolution
		SolutionGuid = {2B3E27AE-2299-4459-A9B0-D488E7AF59FF}
	EndGlobalSection
EndGlobal
