
Microsoft Visual Studio Solution File, Format Version 12.00
# Visual Studio Version 17
VisualStudioVersion = 17.5.002.0
MinimumVisualStudioVersion = 10.0.40219.1
Project("{9A19103F-16F7-4668-BE54-9A1E7A4F7556}") = "Final", "Final.csproj", "{9BBFC49E-A67E-4363-8FA2-13C2511A95A2}"
EndProject
Global
	GlobalSection(SolutionConfigurationPlatforms) = preSolution
		Debug|Any CPU = Debug|Any CPU
		Release|Any CPU = Release|Any CPU
	EndGlobalSection
	GlobalSection(ProjectConfigurationPlatforms) = postSolution
		{9BBFC49E-A67E-4363-8FA2-13C2511A95A2}.Debug|Any CPU.ActiveCfg = Debug|Any CPU
		{9BBFC49E-A67E-4363-8FA2-13C2511A95A2}.Debug|Any CPU.Build.0 = Debug|Any CPU
		{9BBFC49E-A67E-4363-8FA2-13C2511A95A2}.Release|Any CPU.ActiveCfg = Release|Any CPU
		{9BBFC49E-A67E-4363-8FA2-13C2511A95A2}.Release|Any CPU.Build.0 = Release|Any CPU
	EndGlobalSection
	GlobalSection(SolutionProperties) = preSolution
		HideSolutionNode = FALSE
	EndGlobalSection
	GlobalSection(ExtensibilityGlobals) = postSolution
		SolutionGuid = {A328FE25-C6D9-4FDA-84B1-8A88F1E1AA51}
	EndGlobalSection
EndGlobal
