
Microsoft Visual Studio Solution File, Format Version 12.00
# Visual Studio Version 17
VisualStudioVersion = 17.5.002.0
MinimumVisualStudioVersion = 10.0.40219.1
Project("{2150E333-8FDC-42A3-9474-1A3956D46DE8}") = "CsharpProjects", "CsharpProjects", "{50C245C3-A43E-4824-A6FB-38369AE36F80}"
EndProject
Project("{9A19103F-16F7-4668-BE54-9A1E7A4F7556}") = "TestProject", "CsharpProjects\TestProject\TestProject.csproj", "{4E83CF26-32EF-4C9B-81B8-C834D9133AEE}"
EndProject
Global
	GlobalSection(SolutionConfigurationPlatforms) = preSolution
		Debug|Any CPU = Debug|Any CPU
		Release|Any CPU = Release|Any CPU
	EndGlobalSection
	GlobalSection(ProjectConfigurationPlatforms) = postSolution
		{4E83CF26-32EF-4C9B-81B8-C834D9133AEE}.Debug|Any CPU.ActiveCfg = Debug|Any CPU
		{4E83CF26-32EF-4C9B-81B8-C834D9133AEE}.Debug|Any CPU.Build.0 = Debug|Any CPU
		{4E83CF26-32EF-4C9B-81B8-C834D9133AEE}.Release|Any CPU.ActiveCfg = Release|Any CPU
		{4E83CF26-32EF-4C9B-81B8-C834D9133AEE}.Release|Any CPU.Build.0 = Release|Any CPU
	EndGlobalSection
	GlobalSection(SolutionProperties) = preSolution
		HideSolutionNode = FALSE
	EndGlobalSection
	GlobalSection(NestedProjects) = preSolution
		{4E83CF26-32EF-4C9B-81B8-C834D9133AEE} = {50C245C3-A43E-4824-A6FB-38369AE36F80}
	EndGlobalSection
	GlobalSection(ExtensibilityGlobals) = postSolution
		SolutionGuid = {F4E31FDD-AD1A-4188-AEA5-7BDD37A785ED}
	EndGlobalSection
EndGlobal
