
Microsoft Visual Studio Solution File, Format Version 12.00
# Visual Studio Version 17
VisualStudioVersion = 17.5.002.0
MinimumVisualStudioVersion = 10.0.40219.1
Project("{9A19103F-16F7-4668-BE54-9A1E7A4F7556}") = "Starter", "Starter.csproj", "{953024BC-3D80-4EA0-A029-141963F9204E}"
EndProject
Global
	GlobalSection(SolutionConfigurationPlatforms) = preSolution
		Debug|Any CPU = Debug|Any CPU
		Release|Any CPU = Release|Any CPU
	EndGlobalSection
	GlobalSection(ProjectConfigurationPlatforms) = postSolution
		{953024BC-3D80-4EA0-A029-141963F9204E}.Debug|Any CPU.ActiveCfg = Debug|Any CPU
		{953024BC-3D80-4EA0-A029-141963F9204E}.Debug|Any CPU.Build.0 = Debug|Any CPU
		{953024BC-3D80-4EA0-A029-141963F9204E}.Release|Any CPU.ActiveCfg = Release|Any CPU
		{953024BC-3D80-4EA0-A029-141963F9204E}.Release|Any CPU.Build.0 = Release|Any CPU
	EndGlobalSection
	GlobalSection(SolutionProperties) = preSolution
		HideSolutionNode = FALSE
	EndGlobalSection
	GlobalSection(ExtensibilityGlobals) = postSolution
		SolutionGuid = {90313633-2E20-44D4-BA33-1CB03893FF05}
	EndGlobalSection
EndGlobal
