
Microsoft Visual Studio Solution File, Format Version 12.00
# Visual Studio Version 17
VisualStudioVersion = 17.5.002.0
MinimumVisualStudioVersion = 10.0.40219.1
Project("{2150E333-8FDC-42A3-9474-1A3956D46DE8}") = "Guided_project_Caixa_Registradora", "Guided_project_Caixa_Registradora", "{AA3A2D48-2EBD-46BC-884D-2326EF112C96}"
EndProject
Project("{2150E333-8FDC-42A3-9474-1A3956D46DE8}") = "Guided-project-debugging-CSharp-main", "Guided-project-debugging-CSharp-main", "{BA284533-FD0F-48DB-A6AE-0870AFF84663}"
EndProject
Project("{9A19103F-16F7-4668-BE54-9A1E7A4F7556}") = "Final", "Guided_project_Caixa_Registradora\Guided-project-debugging-CSharp-main\Final\Final.csproj", "{46D692A2-636C-47A9-B21A-611C159BC95B}"
EndProject
Project("{9A19103F-16F7-4668-BE54-9A1E7A4F7556}") = "Starter", "Guided_project_Caixa_Registradora\Guided-project-debugging-CSharp-main\Starter\Starter.csproj", "{0A86822F-C0BB-49D9-8BA5-6C3401FB9260}"
EndProject
Global
	GlobalSection(SolutionConfigurationPlatforms) = preSolution
		Debug|Any CPU = Debug|Any CPU
		Release|Any CPU = Release|Any CPU
	EndGlobalSection
	GlobalSection(ProjectConfigurationPlatforms) = postSolution
		{46D692A2-636C-47A9-B21A-611C159BC95B}.Debug|Any CPU.ActiveCfg = Debug|Any CPU
		{46D692A2-636C-47A9-B21A-611C159BC95B}.Debug|Any CPU.Build.0 = Debug|Any CPU
		{46D692A2-636C-47A9-B21A-611C159BC95B}.Release|Any CPU.ActiveCfg = Release|Any CPU
		{46D692A2-636C-47A9-B21A-611C159BC95B}.Release|Any CPU.Build.0 = Release|Any CPU
		{0A86822F-C0BB-49D9-8BA5-6C3401FB9260}.Debug|Any CPU.ActiveCfg = Debug|Any CPU
		{0A86822F-C0BB-49D9-8BA5-6C3401FB9260}.Debug|Any CPU.Build.0 = Debug|Any CPU
		{0A86822F-C0BB-49D9-8BA5-6C3401FB9260}.Release|Any CPU.ActiveCfg = Release|Any CPU
		{0A86822F-C0BB-49D9-8BA5-6C3401FB9260}.Release|Any CPU.Build.0 = Release|Any CPU
	EndGlobalSection
	GlobalSection(SolutionProperties) = preSolution
		HideSolutionNode = FALSE
	EndGlobalSection
	GlobalSection(NestedProjects) = preSolution
		{BA284533-FD0F-48DB-A6AE-0870AFF84663} = {AA3A2D48-2EBD-46BC-884D-2326EF112C96}
		{46D692A2-636C-47A9-B21A-611C159BC95B} = {BA284533-FD0F-48DB-A6AE-0870AFF84663}
		{0A86822F-C0BB-49D9-8BA5-6C3401FB9260} = {BA284533-FD0F-48DB-A6AE-0870AFF84663}
	EndGlobalSection
	GlobalSection(ExtensibilityGlobals) = postSolution
		SolutionGuid = {C93D53DC-B510-4B5F-9FEC-3E3F3A080338}
	EndGlobalSection
EndGlobal
