
Microsoft Visual Studio Solution File, Format Version 12.00
# Visual Studio Version 17
VisualStudioVersion = 17.5.002.0
MinimumVisualStudioVersion = 10.0.40219.1
Project("{9A19103F-16F7-4668-BE54-9A1E7A4F7556}") = "modulo6-depuracao-trycath", "modulo6-depuracao-trycath.csproj", "{B893A19A-238F-411F-925E-BD120113E442}"
EndProject
Global
	GlobalSection(SolutionConfigurationPlatforms) = preSolution
		Debug|Any CPU = Debug|Any CPU
		Release|Any CPU = Release|Any CPU
	EndGlobalSection
	GlobalSection(ProjectConfigurationPlatforms) = postSolution
		{B893A19A-238F-411F-925E-BD120113E442}.Debug|Any CPU.ActiveCfg = Debug|Any CPU
		{B893A19A-238F-411F-925E-BD120113E442}.Debug|Any CPU.Build.0 = Debug|Any CPU
		{B893A19A-238F-411F-925E-BD120113E442}.Release|Any CPU.ActiveCfg = Release|Any CPU
		{B893A19A-238F-411F-925E-BD120113E442}.Release|Any CPU.Build.0 = Release|Any CPU
	EndGlobalSection
	GlobalSection(SolutionProperties) = preSolution
		HideSolutionNode = FALSE
	EndGlobalSection
	GlobalSection(ExtensibilityGlobals) = postSolution
		SolutionGuid = {F6A3F47E-825E-4923-9A9A-A74B2612AA69}
	EndGlobalSection
EndGlobal
